
Microsoft Visual Studio Solution File, Format Version 12.00
# Visual Studio 14
VisualStudioVersion = 14.0.25420.1
MinimumVisualStudioVersion = 10.0.40219.1
Project("{FAE04EC0-301F-11D3-BF4B-00C04F79EFBC}") = "asmCycleCount", "asmCycleCount.csproj", "{57EB0321-040D-4027-8ECF-3279CBF2B591}"
EndProject
Project("{2150E333-8FDC-42A3-9474-1A3956D46DE8}") = "Solution Items", "Solution Items", "{C9D08E0E-72FC-49C5-B5B1-3011A655A21B}"
	ProjectSection(SolutionItems) = preProject
		68k.xml = 68k.xml
	EndProjectSection
EndProject
Global
	GlobalSection(SolutionConfigurationPlatforms) = preSolution
		Debug|Any CPU = Debug|Any CPU
		Release|Any CPU = Release|Any CPU
	EndGlobalSection
	GlobalSection(ProjectConfigurationPlatforms) = postSolution
		{57EB0321-040D-4027-8ECF-3279CBF2B591}.Debug|Any CPU.ActiveCfg = Release|Any CPU
		{57EB0321-040D-4027-8ECF-3279CBF2B591}.Debug|Any CPU.Build.0 = Release|Any CPU
		{57EB0321-040D-4027-8ECF-3279CBF2B591}.Release|Any CPU.ActiveCfg = Release|Any CPU
		{57EB0321-040D-4027-8ECF-3279CBF2B591}.Release|Any CPU.Build.0 = Release|Any CPU
	EndGlobalSection
	GlobalSection(SolutionProperties) = preSolution
		HideSolutionNode = FALSE
	EndGlobalSection
EndGlobal
